
Microsoft Visual Studio Solution File, Format Version 12.00
# Visual Studio Version 17
VisualStudioVersion = 17.3.32819.101
MinimumVisualStudioVersion = 10.0.40219.1
Project("{FAE04EC0-301F-11D3-BF4B-00C04F79EFBC}") = "ShopeeFood", "ShopeeFood\ShopeeFood.csproj", "{EC3A7D5F-5FC5-47AD-BA98-C5C995E72F81}"
EndProject
Global
	GlobalSection(SolutionConfigurationPlatforms) = preSolution
		Debug|Any CPU = Debug|Any CPU
		Release|Any CPU = Release|Any CPU
	EndGlobalSection
	GlobalSection(ProjectConfigurationPlatforms) = postSolution
		{EC3A7D5F-5FC5-47AD-BA98-C5C995E72F81}.Debug|Any CPU.ActiveCfg = Debug|Any CPU
		{EC3A7D5F-5FC5-47AD-BA98-C5C995E72F81}.Debug|Any CPU.Build.0 = Debug|Any CPU
		{EC3A7D5F-5FC5-47AD-BA98-C5C995E72F81}.Release|Any CPU.ActiveCfg = Release|Any CPU
		{EC3A7D5F-5FC5-47AD-BA98-C5C995E72F81}.Release|Any CPU.Build.0 = Release|Any CPU
	EndGlobalSection
	GlobalSection(SolutionProperties) = preSolution
		HideSolutionNode = FALSE
	EndGlobalSection
	GlobalSection(ExtensibilityGlobals) = postSolution
		SolutionGuid = {48C16268-6E5B-4DDB-83B4-CBB143F280F7}
	EndGlobalSection
EndGlobal
